
Microsoft Visual Studio Solution File, Format Version 12.00
# Visual Studio Version 16
VisualStudioVersion = 16.0.31321.278
MinimumVisualStudioVersion = 10.0.40219.1
Project("{2150E333-8FDC-42A3-9474-1A3956D46DE8}") = "Services", "Services", "{FA69FAC7-30E6-4E79-A76F-112F3ACF15B0}"
EndProject
Project("{2150E333-8FDC-42A3-9474-1A3956D46DE8}") = "Catalog", "Catalog", "{7841E106-4DE3-4497-BFE6-077CC18804E3}"
EndProject
Project("{FAE04EC0-301F-11D3-BF4B-00C04F79EFBC}") = "Catalog.API", "Services\Catalog\Catalog.API\Catalog.API.csproj", "{9A1FC28C-8D4C-4994-B01E-7E58BB8F39BF}"
EndProject
Global
	GlobalSection(SolutionConfigurationPlatforms) = preSolution
		Debug|Any CPU = Debug|Any CPU
		Release|Any CPU = Release|Any CPU
	EndGlobalSection
	GlobalSection(ProjectConfigurationPlatforms) = postSolution
		{9A1FC28C-8D4C-4994-B01E-7E58BB8F39BF}.Debug|Any CPU.ActiveCfg = Debug|Any CPU
		{9A1FC28C-8D4C-4994-B01E-7E58BB8F39BF}.Debug|Any CPU.Build.0 = Debug|Any CPU
		{9A1FC28C-8D4C-4994-B01E-7E58BB8F39BF}.Release|Any CPU.ActiveCfg = Release|Any CPU
		{9A1FC28C-8D4C-4994-B01E-7E58BB8F39BF}.Release|Any CPU.Build.0 = Release|Any CPU
	EndGlobalSection
	GlobalSection(SolutionProperties) = preSolution
		HideSolutionNode = FALSE
	EndGlobalSection
	GlobalSection(NestedProjects) = preSolution
		{7841E106-4DE3-4497-BFE6-077CC18804E3} = {FA69FAC7-30E6-4E79-A76F-112F3ACF15B0}
		{9A1FC28C-8D4C-4994-B01E-7E58BB8F39BF} = {7841E106-4DE3-4497-BFE6-077CC18804E3}
	EndGlobalSection
	GlobalSection(ExtensibilityGlobals) = postSolution
		SolutionGuid = {7612E203-21BB-46FA-8D2E-318E28A22A7C}
	EndGlobalSection
EndGlobal
